
Microsoft Visual Studio Solution File, Format Version 12.00
# Visual Studio Version 16
VisualStudioVersion = 16.0.30114.105
MinimumVisualStudioVersion = 10.0.40219.1
Project("{FAE04EC0-301F-11D3-BF4B-00C04F79EFBC}") = "Pregnancy Safe", "Pregnancy Safe\Pregnancy Safe.csproj", "{B4A80E5B-EDF8-40F9-873C-7FE4A08638EA}"
EndProject
Global
	GlobalSection(SolutionConfigurationPlatforms) = preSolution
		Debug|Any CPU = Debug|Any CPU
		Release|Any CPU = Release|Any CPU
	EndGlobalSection
	GlobalSection(ProjectConfigurationPlatforms) = postSolution
		{B4A80E5B-EDF8-40F9-873C-7FE4A08638EA}.Debug|Any CPU.ActiveCfg = Debug|Any CPU
		{B4A80E5B-EDF8-40F9-873C-7FE4A08638EA}.Debug|Any CPU.Build.0 = Debug|Any CPU
		{B4A80E5B-EDF8-40F9-873C-7FE4A08638EA}.Release|Any CPU.ActiveCfg = Release|Any CPU
		{B4A80E5B-EDF8-40F9-873C-7FE4A08638EA}.Release|Any CPU.Build.0 = Release|Any CPU
	EndGlobalSection
	GlobalSection(SolutionProperties) = preSolution
		HideSolutionNode = FALSE
	EndGlobalSection
	GlobalSection(ExtensibilityGlobals) = postSolution
		SolutionGuid = {6F640777-EBC8-4C5A-BF6B-42AC1FB11D29}
	EndGlobalSection
EndGlobal
